{
  "name": "macro-engine",
<<<<<<< HEAD
  "version": "1.0.5",
=======
  "version": "1.0.6",
>>>>>>> 5bd5b7a (Fix #1)
  "lockfileVersion": 2,
  "requires": true,
  "packages": {
    "": {
      "name": "macro-engine",
<<<<<<< HEAD
      "version": "1.0.5",
=======
      "version": "1.0.6",
>>>>>>> 5bd5b7a (Fix #1)
      "license": "MIT"
    }
  }
}
